
Microsoft Visual Studio Solution File, Format Version 12.00
# Visual Studio Version 17
VisualStudioVersion = 17.8.34330.188
MinimumVisualStudioVersion = 10.0.40219.1
Project("{FAE04EC0-301F-11D3-BF4B-00C04F79EFBC}") = "OdevProje", "OdevProje\OdevProje.csproj", "{809B9C2C-A522-4ADA-A5ED-6CAAFDBA3C43}"
EndProject
Global
	GlobalSection(SolutionConfigurationPlatforms) = preSolution
		Debug|Any CPU = Debug|Any CPU
		Release|Any CPU = Release|Any CPU
	EndGlobalSection
	GlobalSection(ProjectConfigurationPlatforms) = postSolution
		{809B9C2C-A522-4ADA-A5ED-6CAAFDBA3C43}.Debug|Any CPU.ActiveCfg = Debug|Any CPU
		{809B9C2C-A522-4ADA-A5ED-6CAAFDBA3C43}.Debug|Any CPU.Build.0 = Debug|Any CPU
		{809B9C2C-A522-4ADA-A5ED-6CAAFDBA3C43}.Release|Any CPU.ActiveCfg = Release|Any CPU
		{809B9C2C-A522-4ADA-A5ED-6CAAFDBA3C43}.Release|Any CPU.Build.0 = Release|Any CPU
	EndGlobalSection
	GlobalSection(SolutionProperties) = preSolution
		HideSolutionNode = FALSE
	EndGlobalSection
	GlobalSection(ExtensibilityGlobals) = postSolution
		SolutionGuid = {4C29A283-5177-4861-895A-1FCD30C05303}
	EndGlobalSection
EndGlobal
